// !$*UTF8*$!
{
	archiveVersion = 1;
	classes = {
	};
	objectVersion = 46;
	objects = {

/* Begin PBXBuildFile section */
		8B485B011D07F55D0094916B /* AppDelegate.swift in Sources */ = {isa = PBXBuildFile; fileRef = 8B485B001D07F55D0094916B /* AppDelegate.swift */; };
		8B485B031D07F55D0094916B /* ViewController.swift in Sources */ = {isa = PBXBuildFile; fileRef = 8B485B021D07F55D0094916B /* ViewController.swift */; };
		8B485B061D07F55D0094916B /* Main.storyboard in Resources */ = {isa = PBXBuildFile; fileRef = 8B485B041D07F55D0094916B /* Main.storyboard */; };
		8B485B091D07F55D0094916B /* isItPrime.xcdatamodeld in Sources */ = {isa = PBXBuildFile; fileRef = 8B485B071D07F55D0094916B /* isItPrime.xcdatamodeld */; };
		8B485B0B1D07F55D0094916B /* Assets.xcassets in Resources */ = {isa = PBXBuildFile; fileRef = 8B485B0A1D07F55D0094916B /* Assets.xcassets */; };
		8B485B0E1D07F55D0094916B /* LaunchScreen.storyboard in Resources */ = {isa = PBXBuildFile; fileRef = 8B485B0C1D07F55D0094916B /* LaunchScreen.storyboard */; };
		8B485B191D07F55D0094916B /* isItPrimeTests.swift in Sources */ = {isa = PBXBuildFile; fileRef = 8B485B181D07F55D0094916B /* isItPrimeTests.swift */; };
		8B485B241D07F55D0094916B /* isItPrimeUITests.swift in Sources */ = {isa = PBXBuildFile; fileRef = 8B485B231D07F55D0094916B /* isItPrimeUITests.swift */; };
/* End PBXBuildFile section */

/* Begin PBXContainerItemProxy section */
		8B485B151D07F55D0094916B /* PBXContainerItemProxy */ = {
			isa = PBXContainerItemProxy;
			containerPortal = 8B485AF51D07F55D0094916B /* Project object */;
			proxyType = 1;
			remoteGlobalIDString = 8B485AFC1D07F55D0094916B;
			remoteInfo = isItPrime;
		};
		8B485B201D07F55D0094916B /* PBXContainerItemProxy */ = {
			isa = PBXContainerItemProxy;
			containerPortal = 8B485AF51D07F55D0094916B /* Project object */;
			proxyType = 1;
			remoteGlobalIDString = 8B485AFC1D07F55D0094916B;
			remoteInfo = isItPrime;
		};
/* End PBXContainerItemProxy section */

/* Begin PBXFileReference section */
		8B485AFD1D07F55D0094916B /* isItPrime.app */ = {isa = PBXFileReference; explicitFileType = wrapper.application; includeInIndex = 0; path = isItPrime.app; sourceTree = BUILT_PRODUCTS_DIR; };
		8B485B001D07F55D0094916B /* AppDelegate.swift */ = {isa = PBXFileReference; lastKnownFileType = sourcecode.swift; path = AppDelegate.swift; sourceTree = "<group>"; };
		8B485B021D07F55D0094916B /* ViewController.swift */ = {isa = PBXFileReference; lastKnownFileType = sourcecode.swift; path = ViewController.swift; sourceTree = "<group>"; };
		8B485B051D07F55D0094916B /* Base */ = {isa = PBXFileReference; lastKnownFileType = file.storyboard; name = Base; path = Base.lproj/Main.storyboard; sourceTree = "<group>"; };
		8B485B081D07F55D0094916B /* isItPrime.xcdatamodel */ = {isa = PBXFileReference; lastKnownFileType = wrapper.xcdatamodel; path = isItPrime.xcdatamodel; sourceTree = "<group>"; };
		8B485B0A1D07F55D0094916B /* Assets.xcassets */ = {isa = PBXFileReference; lastKnownFileType = folder.assetcatalog; path = Assets.xcassets; sourceTree = "<group>"; };
		8B485B0D1D07F55D0094916B /* Base */ = {isa = PBXFileReference; lastKnownFileType = file.storyboard; name = Base; path = Base.lproj/LaunchScreen.storyboard; sourceTree = "<group>"; };
		8B485B0F1D07F55D0094916B /* Info.plist */ = {isa = PBXFileReference; lastKnownFileType = text.plist.xml; path = Info.plist; sourceTree = "<group>"; };
		8B485B141D07F55D0094916B /* isItPrimeTests.xctest */ = {isa = PBXFileReference; explicitFileType = wrapper.cfbundle; includeInIndex = 0; path = isItPrimeTests.xctest; sourceTree = BUILT_PRODUCTS_DIR; };
		8B485B181D07F55D0094916B /* isItPrimeTests.swift */ = {isa = PBXFileReference; lastKnownFileType = sourcecode.swift; path = isItPrimeTests.swift; sourceTree = "<group>"; };
		8B485B1A1D07F55D0094916B /* Info.plist */ = {isa = PBXFileReference; lastKnownFileType = text.plist.xml; path = Info.plist; sourceTree = "<group>"; };
		8B485B1F1D07F55D0094916B /* isItPrimeUITests.xctest */ = {isa = PBXFileReference; explicitFileType = wrapper.cfbundle; includeInIndex = 0; path = isItPrimeUITests.xctest; sourceTree = BUILT_PRODUCTS_DIR; };
		8B485B231D07F55D0094916B /* isItPrimeUITests.swift */ = {isa = PBXFileReference; lastKnownFileType = sourcecode.swift; path = isItPrimeUITests.swift; sourceTree = "<group>"; };
		8B485B251D07F55D0094916B /* Info.plist */ = {isa = PBXFileReference; lastKnownFileType = text.plist.xml; path = Info.plist; sourceTree = "<group>"; };
/* End PBXFileReference section */

/* Begin PBXFrameworksBuildPhase section */
		8B485AFA1D07F55D0094916B /* Frameworks */ = {
			isa = PBXFrameworksBuildPhase;
			buildActionMask = 2147483647;
			files = (
			);
			runOnlyForDeploymentPostprocessing = 0;
		};
		8B485B111D07F55D0094916B /* Frameworks */ = {
			isa = PBXFrameworksBuildPhase;
			buildActionMask = 2147483647;
			files = (
			);
			runOnlyForDeploymentPostprocessing = 0;
		};
		8B485B1C1D07F55D0094916B /* Frameworks */ = {
			isa = PBXFrameworksBuildPhase;
			buildActionMask = 2147483647;
			files = (
			);
			runOnlyForDeploymentPostprocessing = 0;
		};
/* End PBXFrameworksBuildPhase section */

/* Begin PBXGroup section */
		8B485AF41D07F55D0094916B = {
			isa = PBXGroup;
			children = (
				8B485AFF1D07F55D0094916B /* isItPrime */,
				8B485B171D07F55D0094916B /* isItPrimeTests */,
				8B485B221D07F55D0094916B /* isItPrimeUITests */,
				8B485AFE1D07F55D0094916B /* Products */,
			);
			sourceTree = "<group>";
		};
		8B485AFE1D07F55D0094916B /* Products */ = {
			isa = PBXGroup;
			children = (
				8B485AFD1D07F55D0094916B /* isItPrime.app */,
				8B485B141D07F55D0094916B /* isItPrimeTests.xctest */,
				8B485B1F1D07F55D0094916B /* isItPrimeUITests.xctest */,
			);
			name = Products;
			sourceTree = "<group>";
		};
		8B485AFF1D07F55D0094916B /* isItPrime */ = {
			isa = PBXGroup;
			children = (
				8B485B001D07F55D0094916B /* AppDelegate.swift */,
				8B485B021D07F55D0094916B /* ViewController.swift */,
				8B485B041D07F55D0094916B /* Main.storyboard */,
				8B485B0A1D07F55D0094916B /* Assets.xcassets */,
				8B485B0C1D07F55D0094916B /* LaunchScreen.storyboard */,
				8B485B0F1D07F55D0094916B /* Info.plist */,
				8B485B071D07F55D0094916B /* isItPrime.xcdatamodeld */,
			);
			path = isItPrime;
			sourceTree = "<group>";
		};
		8B485B171D07F55D0094916B /* isItPrimeTests */ = {
			isa = PBXGroup;
			children = (
				8B485B181D07F55D0094916B /* isItPrimeTests.swift */,
				8B485B1A1D07F55D0094916B /* Info.plist */,
			);
			path = isItPrimeTests;
			sourceTree = "<group>";
		};
		8B485B221D07F55D0094916B /* isItPrimeUITests */ = {
			isa = PBXGroup;
			children = (
				8B485B231D07F55D0094916B /* isItPrimeUITests.swift */,
				8B485B251D07F55D0094916B /* Info.plist */,
			);
			path = isItPrimeUITests;
			sourceTree = "<group>";
		};
/* End PBXGroup section */

/* Begin PBXNativeTarget section */
		8B485AFC1D07F55D0094916B /* isItPrime */ = {
			isa = PBXNativeTarget;
			buildConfigurationList = 8B485B281D07F55D0094916B /* Build configuration list for PBXNativeTarget "isItPrime" */;
			buildPhases = (
				8B485AF91D07F55D0094916B /* Sources */,
				8B485AFA1D07F55D0094916B /* Frameworks */,
				8B485AFB1D07F55D0094916B /* Resources */,
			);
			buildRules = (
			);
			dependencies = (
			);
			name = isItPrime;
			productName = isItPrime;
			productReference = 8B485AFD1D07F55D0094916B /* isItPrime.app */;
			productType = "com.apple.product-type.application";
		};
		8B485B131D07F55D0094916B /* isItPrimeTests */ = {
			isa = PBXNativeTarget;
			buildConfigurationList = 8B485B2B1D07F55D0094916B /* Build configuration list for PBXNativeTarget "isItPrimeTests" */;
			buildPhases = (
				8B485B101D07F55D0094916B /* Sources */,
				8B485B111D07F55D0094916B /* Frameworks */,
				8B485B121D07F55D0094916B /* Resources */,
			);
			buildRules = (
			);
			dependencies = (
				8B485B161D07F55D0094916B /* PBXTargetDependency */,
			);
			name = isItPrimeTests;
			productName = isItPrimeTests;
			productReference = 8B485B141D07F55D0094916B /* isItPrimeTests.xctest */;
			productType = "com.apple.product-type.bundle.unit-test";
		};
		8B485B1E1D07F55D0094916B /* isItPrimeUITests */ = {
			isa = PBXNativeTarget;
			buildConfigurationList = 8B485B2E1D07F55D0094916B /* Build configuration list for PBXNativeTarget "isItPrimeUITests" */;
			buildPhases = (
				8B485B1B1D07F55D0094916B /* Sources */,
				8B485B1C1D07F55D0094916B /* Frameworks */,
				8B485B1D1D07F55D0094916B /* Resources */,
			);
			buildRules = (
			);
			dependencies = (
				8B485B211D07F55D0094916B /* PBXTargetDependency */,
			);
			name = isItPrimeUITests;
			productName = isItPrimeUITests;
			productReference = 8B485B1F1D07F55D0094916B /* isItPrimeUITests.xctest */;
			productType = "com.apple.product-type.bundle.ui-testing";
		};
/* End PBXNativeTarget section */

/* Begin PBXProject section */
		8B485AF51D07F55D0094916B /* Project object */ = {
			isa = PBXProject;
			attributes = {
				LastSwiftUpdateCheck = 0730;
				LastUpgradeCheck = 0730;
				ORGANIZATIONNAME = "Sim Randhawa";
				TargetAttributes = {
					8B485AFC1D07F55D0094916B = {
						CreatedOnToolsVersion = 7.3;
						DevelopmentTeam = MMSLKP4Q7L;
					};
					8B485B131D07F55D0094916B = {
						CreatedOnToolsVersion = 7.3;
						TestTargetID = 8B485AFC1D07F55D0094916B;
					};
					8B485B1E1D07F55D0094916B = {
						CreatedOnToolsVersion = 7.3;
						TestTargetID = 8B485AFC1D07F55D0094916B;
					};
				};
			};
			buildConfigurationList = 8B485AF81D07F55D0094916B /* Build configuration list for PBXProject "isItPrime" */;
			compatibilityVersion = "Xcode 3.2";
			developmentRegion = English;
			hasScannedForEncodings = 0;
			knownRegions = (
				en,
				Base,
			);
			mainGroup = 8B485AF41D07F55D0094916B;
			productRefGroup = 8B485AFE1D07F55D0094916B /* Products */;
			projectDirPath = "";
			projectRoot = "";
			targets = (
				8B485AFC1D07F55D0094916B /* isItPrime */,
				8B485B131D07F55D0094916B /* isItPrimeTests */,
				8B485B1E1D07F55D0094916B /* isItPrimeUITests */,
			);
		};
/* End PBXProject section */

/* Begin PBXResourcesBuildPhase section */
		8B485AFB1D07F55D0094916B /* Resources */ = {
			isa = PBXResourcesBuildPhase;
			buildActionMask = 2147483647;
			files = (
				8B485B0E1D07F55D0094916B /* LaunchScreen.storyboard in Resources */,
				8B485B0B1D07F55D0094916B /* Assets.xcassets in Resources */,
				8B485B061D07F55D0094916B /* Main.storyboard in Resources */,
			);
			runOnlyForDeploymentPostprocessing = 0;
		};
		8B485B121D07F55D0094916B /* Resources */ = {
			isa = PBXResourcesBuildPhase;
			buildActionMask = 2147483647;
			files = (
			);
			runOnlyForDeploymentPostprocessing = 0;
		};
		8B485B1D1D07F55D0094916B /* Resources */ = {
			isa = PBXResourcesBuildPhase;
			buildActionMask = 2147483647;
			files = (
			);
			runOnlyForDeploymentPostprocessing = 0;
		};
/* End PBXResourcesBuildPhase section */

/* Begin PBXSourcesBuildPhase section */
		8B485AF91D07F55D0094916B /* Sources */ = {
			isa = PBXSourcesBuildPhase;
			buildActionMask = 2147483647;
			files = (
				8B485B031D07F55D0094916B /* ViewController.swift in Sources */,
				8B485B011D07F55D0094916B /* AppDelegate.swift in Sources */,
				8B485B091D07F55D0094916B /* isItPrime.xcdatamodeld in Sources */,
			);
			runOnlyForDeploymentPostprocessing = 0;
		};
		8B485B101D07F55D0094916B /* Sources */ = {
			isa = PBXSourcesBuildPhase;
			buildActionMask = 2147483647;
			files = (
				8B485B191D07F55D0094916B /* isItPrimeTests.swift in Sources */,
			);
			runOnlyForDeploymentPostprocessing = 0;
		};
		8B485B1B1D07F55D0094916B /* Sources */ = {
			isa = PBXSourcesBuildPhase;
			buildActionMask = 2147483647;
			files = (
				8B485B241D07F55D0094916B /* isItPrimeUITests.swift in Sources */,
			);
			runOnlyForDeploymentPostprocessing = 0;
		};
/* End PBXSourcesBuildPhase section */

/* Begin PBXTargetDependency section */
		8B485B161D07F55D0094916B /* PBXTargetDependency */ = {
			isa = PBXTargetDependency;
			target = 8B485AFC1D07F55D0094916B /* isItPrime */;
			targetProxy = 8B485B151D07F55D0094916B /* PBXContainerItemProxy */;
		};
		8B485B211D07F55D0094916B /* PBXTargetDependency */ = {
			isa = PBXTargetDependency;
			target = 8B485AFC1D07F55D0094916B /* isItPrime */;
			targetProxy = 8B485B201D07F55D0094916B /* PBXContainerItemProxy */;
		};
/* End PBXTargetDependency section */

/* Begin PBXVariantGroup section */
		8B485B041D07F55D0094916B /* Main.storyboard */ = {
			isa = PBXVariantGroup;
			children = (
				8B485B051D07F55D0094916B /* Base */,
			);
			name = Main.storyboard;
			sourceTree = "<group>";
		};
		8B485B0C1D07F55D0094916B /* LaunchScreen.storyboard */ = {
			isa = PBXVariantGroup;
			children = (
				8B485B0D1D07F55D0094916B /* Base */,
			);
			name = LaunchScreen.storyboard;
			sourceTree = "<group>";
		};
/* End PBXVariantGroup section */

/* Begin XCBuildConfiguration section */
		8B485B261D07F55D0094916B /* Debug */ = {
			isa = XCBuildConfiguration;
			buildSettings = {
				ALWAYS_SEARCH_USER_PATHS = NO;
				CLANG_ANALYZER_NONNULL = YES;
				CLANG_CXX_LANGUAGE_STANDARD = "gnu++0x";
				CLANG_CXX_LIBRARY = "libc++";
				CLANG_ENABLE_MODULES = YES;
				CLANG_ENABLE_OBJC_ARC = YES;
				CLANG_WARN_BOOL_CONVERSION = YES;
				CLANG_WARN_CONSTANT_CONVERSION = YES;
				CLANG_WARN_DIRECT_OBJC_ISA_USAGE = YES_ERROR;
				CLANG_WARN_EMPTY_BODY = YES;
				CLANG_WARN_ENUM_CONVERSION = YES;
				CLANG_WARN_INT_CONVERSION = YES;
				CLANG_WARN_OBJC_ROOT_CLASS = YES_ERROR;
				CLANG_WARN_UNREACHABLE_CODE = YES;
				CLANG_WARN__DUPLICATE_METHOD_MATCH = YES;
				"CODE_SIGN_IDENTITY[sdk=iphoneos*]" = "iPhone Developer";
				COPY_PHASE_STRIP = NO;
				DEBUG_INFORMATION_FORMAT = dwarf;
				ENABLE_STRICT_OBJC_MSGSEND = YES;
				ENABLE_TESTABILITY = YES;
				GCC_C_LANGUAGE_STANDARD = gnu99;
				GCC_DYNAMIC_NO_PIC = NO;
				GCC_NO_COMMON_BLOCKS = YES;
				GCC_OPTIMIZATION_LEVEL = 0;
				GCC_PREPROCESSOR_DEFINITIONS = (
					"DEBUG=1",
					"$(inherited)",
				);
				GCC_WARN_64_TO_32_BIT_CONVERSION = YES;
				GCC_WARN_ABOUT_RETURN_TYPE = YES_ERROR;
				GCC_WARN_UNDECLARED_SELECTOR = YES;
				GCC_WARN_UNINITIALIZED_AUTOS = YES_AGGRESSIVE;
				GCC_WARN_UNUSED_FUNCTION = YES;
				GCC_WARN_UNUSED_VARIABLE = YES;
				IPHONEOS_DEPLOYMENT_TARGET = 9.3;
				MTL_ENABLE_DEBUG_INFO = YES;
				ONLY_ACTIVE_ARCH = YES;
				SDKROOT = iphoneos;
				SWIFT_OPTIMIZATION_LEVEL = "-Onone";
				TARGETED_DEVICE_FAMILY = "1,2";
			};
			name = Debug;
		};
		8B485B271D07F55D0094916B /* Release */ = {
			isa = XCBuildConfiguration;
			buildSettings = {
				ALWAYS_SEARCH_USER_PATHS = NO;
				CLANG_ANALYZER_NONNULL = YES;
				CLANG_CXX_LANGUAGE_STANDARD = "gnu++0x";
				CLANG_CXX_LIBRARY = "libc++";
				CLANG_ENABLE_MODULES = YES;
				CLANG_ENABLE_OBJC_ARC = YES;
				CLANG_WARN_BOOL_CONVERSION = YES;
				CLANG_WARN_CONSTANT_CONVERSION = YES;
				CLANG_WARN_DIRECT_OBJC_ISA_USAGE = YES_ERROR;
				CLANG_WARN_EMPTY_BODY = YES;
				CLANG_WARN_ENUM_CONVERSION = YES;
				CLANG_WARN_INT_CONVERSION = YES;
				CLANG_WARN_OBJC_ROOT_CLASS = YES_ERROR;
				CLANG_WARN_UNREACHABLE_CODE = YES;
				CLANG_WARN__DUPLICATE_METHOD_MATCH = YES;
				"CODE_SIGN_IDENTITY[sdk=iphoneos*]" = "iPhone Developer";
				COPY_PHASE_STRIP = NO;
				DEBUG_INFORMATION_FORMAT = "dwarf-with-dsym";
				ENABLE_NS_ASSERTIONS = NO;
				ENABLE_STRICT_OBJC_MSGSEND = YES;
				GCC_C_LANGUAGE_STANDARD = gnu99;
				GCC_NO_COMMON_BLOCKS = YES;
				GCC_WARN_64_TO_32_BIT_CONVERSION = YES;
				GCC_WARN_ABOUT_RETURN_TYPE = YES_ERROR;
				GCC_WARN_UNDECLARED_SELECTOR = YES;
				GCC_WARN_UNINITIALIZED_AUTOS = YES_AGGRESSIVE;
				GCC_WARN_UNUSED_FUNCTION = YES;
				GCC_WARN_UNUSED_VARIABLE = YES;
				IPHONEOS_DEPLOYMENT_TARGET = 9.3;
				MTL_ENABLE_DEBUG_INFO = NO;
				SDKROOT = iphoneos;
				TARGETED_DEVICE_FAMILY = "1,2";
				VALIDATE_PRODUCT = YES;
			};
			name = Release;
		};
		8B485B291D07F55D0094916B /* Debug */ = {
			isa = XCBuildConfiguration;
			buildSettings = {
				ASSETCATALOG_COMPILER_APPICON_NAME = AppIcon;
				CODE_SIGN_IDENTITY = "iPhone Developer";
				INFOPLIST_FILE = isItPrime/Info.plist;
				LD_RUNPATH_SEARCH_PATHS = "$(inherited) @executable_path/Frameworks";
				PRODUCT_BUNDLE_IDENTIFIER = iamsimr.isItPrime;
				PRODUCT_NAME = "$(TARGET_NAME)";
			};
			name = Debug;
		};
		8B485B2A1D07F55D0094916B /* Release */ = {
			isa = XCBuildConfiguration;
			buildSettings = {
				ASSETCATALOG_COMPILER_APPICON_NAME = AppIcon;
				CODE_SIGN_IDENTITY = "iPhone Developer";
				INFOPLIST_FILE = isItPrime/Info.plist;
				LD_RUNPATH_SEARCH_PATHS = "$(inherited) @executable_path/Frameworks";
				PRODUCT_BUNDLE_IDENTIFIER = iamsimr.isItPrime;
				PRODUCT_NAME = "$(TARGET_NAME)";
			};
			name = Release;
		};
		8B485B2C1D07F55D0094916B /* Debug */ = {
			isa = XCBuildConfiguration;
			buildSettings = {
				BUNDLE_LOADER = "$(TEST_HOST)";
				INFOPLIST_FILE = isItPrimeTests/Info.plist;
				LD_RUNPATH_SEARCH_PATHS = "$(inherited) @executable_path/Frameworks @loader_path/Frameworks";
				PRODUCT_BUNDLE_IDENTIFIER = iamsimr.isItPrimeTests;
				PRODUCT_NAME = "$(TARGET_NAME)";
				TEST_HOST = "$(BUILT_PRODUCTS_DIR)/isItPrime.app/isItPrime";
			};
			name = Debug;
		};
		8B485B2D1D07F55D0094916B /* Release */ = {
			isa = XCBuildConfiguration;
			buildSettings = {
				BUNDLE_LOADER = "$(TEST_HOST)";
				INFOPLIST_FILE = isItPrimeTests/Info.plist;
				LD_RUNPATH_SEARCH_PATHS = "$(inherited) @executable_path/Frameworks @loader_path/Frameworks";
				PRODUCT_BUNDLE_IDENTIFIER = iamsimr.isItPrimeTests;
				PRODUCT_NAME = "$(TARGET_NAME)";
				TEST_HOST = "$(BUILT_PRODUCTS_DIR)/isItPrime.app/isItPrime";
			};
			name = Release;
		};
		8B485B2F1D07F55D0094916B /* Debug */ = {
			isa = XCBuildConfiguration;
			buildSettings = {
				INFOPLIST_FILE = isItPrimeUITests/Info.plist;
				LD_RUNPATH_SEARCH_PATHS = "$(inherited) @executable_path/Frameworks @loader_path/Frameworks";
				PRODUCT_BUNDLE_IDENTIFIER = iamsimr.isItPrimeUITests;
				PRODUCT_NAME = "$(TARGET_NAME)";
				TEST_TARGET_NAME = isItPrime;
			};
			name = Debug;
		};
		8B485B301D07F55D0094916B /* Release */ = {
			isa = XCBuildConfiguration;
			buildSettings = {
				INFOPLIST_FILE = isItPrimeUITests/Info.plist;
				LD_RUNPATH_SEARCH_PATHS = "$(inherited) @executable_path/Frameworks @loader_path/Frameworks";
				PRODUCT_BUNDLE_IDENTIFIER = iamsimr.isItPrimeUITests;
				PRODUCT_NAME = "$(TARGET_NAME)";
				TEST_TARGET_NAME = isItPrime;
			};
			name = Release;
		};
/* End XCBuildConfiguration section */

/* Begin XCConfigurationList section */
		8B485AF81D07F55D0094916B /* Build configuration list for PBXProject "isItPrime" */ = {
			isa = XCConfigurationList;
			buildConfigurations = (
				8B485B261D07F55D0094916B /* Debug */,
				8B485B271D07F55D0094916B /* Release */,
			);
			defaultConfigurationIsVisible = 0;
			defaultConfigurationName = Release;
		};
		8B485B281D07F55D0094916B /* Build configuration list for PBXNativeTarget "isItPrime" */ = {
			isa = XCConfigurationList;
			buildConfigurations = (
				8B485B291D07F55D0094916B /* Debug */,
				8B485B2A1D07F55D0094916B /* Release */,
			);
			defaultConfigurationIsVisible = 0;
		};
		8B485B2B1D07F55D0094916B /* Build configuration list for PBXNativeTarget "isItPrimeTests" */ = {
			isa = XCConfigurationList;
			buildConfigurations = (
				8B485B2C1D07F55D0094916B /* Debug */,
				8B485B2D1D07F55D0094916B /* Release */,
			);
			defaultConfigurationIsVisible = 0;
		};
		8B485B2E1D07F55D0094916B /* Build configuration list for PBXNativeTarget "isItPrimeUITests" */ = {
			isa = XCConfigurationList;
			buildConfigurations = (
				8B485B2F1D07F55D0094916B /* Debug */,
				8B485B301D07F55D0094916B /* Release */,
			);
			defaultConfigurationIsVisible = 0;
		};
/* End XCConfigurationList section */

/* Begin XCVersionGroup section */
		8B485B071D07F55D0094916B /* isItPrime.xcdatamodeld */ = {
			isa = XCVersionGroup;
			children = (
				8B485B081D07F55D0094916B /* isItPrime.xcdatamodel */,
			);
			currentVersion = 8B485B081D07F55D0094916B /* isItPrime.xcdatamodel */;
			path = isItPrime.xcdatamodeld;
			sourceTree = "<group>";
			versionGroupType = wrapper.xcdatamodel;
		};
/* End XCVersionGroup section */
	};
	rootObject = 8B485AF51D07F55D0094916B /* Project object */;
}
